
Microsoft Visual Studio Solution File, Format Version 12.00
# Visual Studio Version 16
VisualStudioVersion = 16.0.31424.327
MinimumVisualStudioVersion = 10.0.40219.1
Project("{9A19103F-16F7-4668-BE54-9A1E7A4F7556}") = "SimpleBlob.Core", "SimpleBlob.Core\SimpleBlob.Core.csproj", "{6874D29B-1E27-46F4-A990-0FF96BA4B0C1}"
EndProject
Project("{9A19103F-16F7-4668-BE54-9A1E7A4F7556}") = "SimpleBlob.Sql", "SimpleBlob.Sql\SimpleBlob.Sql.csproj", "{DD7F0C9E-3CA1-46C0-BC30-DFEBCF20A6FF}"
EndProject
Project("{9A19103F-16F7-4668-BE54-9A1E7A4F7556}") = "SimpleBlob.PgSql", "SimpleBlob.PgSql\SimpleBlob.PgSql.csproj", "{BD666447-CC9A-4BFC-AE88-B90020CB3EF6}"
EndProject
Project("{9A19103F-16F7-4668-BE54-9A1E7A4F7556}") = "SimpleBlob.PgSql.Test", "SimpleBlob.PgSql.Test\SimpleBlob.PgSql.Test.csproj", "{AF338A4B-8FC1-4A8F-9760-ACCC91808CF8}"
EndProject
Project("{2150E333-8FDC-42A3-9474-1A3956D46DE8}") = "Solution Items", "Solution Items", "{3FEB36D5-5715-4443-AEFF-1E9D40A33C81}"
	ProjectSection(SolutionItems) = preProject
		demo.zip = demo.zip
		docker-compose.yml = docker-compose.yml
		Dockerfile = Dockerfile
		README.md = README.md
	EndProjectSection
EndProject
Project("{9A19103F-16F7-4668-BE54-9A1E7A4F7556}") = "SimpleBlobApi", "SimpleBlobApi\SimpleBlobApi.csproj", "{4AB077CC-B6D6-47F2-BA4B-D853DAB8D894}"
EndProject
Project("{9A19103F-16F7-4668-BE54-9A1E7A4F7556}") = "blob", "blob\blob.csproj", "{EA9AB3A9-363F-421F-9278-5E235F6FAE09}"
EndProject
Project("{9A19103F-16F7-4668-BE54-9A1E7A4F7556}") = "SimpleBlob.Api.Models", "SimpleBlob.Api.Models\SimpleBlob.Api.Models.csproj", "{E819AAC8-C0B0-4DCF-BE8B-DD9AD642FDDD}"
EndProject
Global
	GlobalSection(SolutionConfigurationPlatforms) = preSolution
		Debug|Any CPU = Debug|Any CPU
		Release|Any CPU = Release|Any CPU
	EndGlobalSection
	GlobalSection(ProjectConfigurationPlatforms) = postSolution
		{6874D29B-1E27-46F4-A990-0FF96BA4B0C1}.Debug|Any CPU.ActiveCfg = Debug|Any CPU
		{6874D29B-1E27-46F4-A990-0FF96BA4B0C1}.Debug|Any CPU.Build.0 = Debug|Any CPU
		{6874D29B-1E27-46F4-A990-0FF96BA4B0C1}.Release|Any CPU.ActiveCfg = Release|Any CPU
		{6874D29B-1E27-46F4-A990-0FF96BA4B0C1}.Release|Any CPU.Build.0 = Release|Any CPU
		{DD7F0C9E-3CA1-46C0-BC30-DFEBCF20A6FF}.Debug|Any CPU.ActiveCfg = Debug|Any CPU
		{DD7F0C9E-3CA1-46C0-BC30-DFEBCF20A6FF}.Debug|Any CPU.Build.0 = Debug|Any CPU
		{DD7F0C9E-3CA1-46C0-BC30-DFEBCF20A6FF}.Release|Any CPU.ActiveCfg = Release|Any CPU
		{DD7F0C9E-3CA1-46C0-BC30-DFEBCF20A6FF}.Release|Any CPU.Build.0 = Release|Any CPU
		{BD666447-CC9A-4BFC-AE88-B90020CB3EF6}.Debug|Any CPU.ActiveCfg = Debug|Any CPU
		{BD666447-CC9A-4BFC-AE88-B90020CB3EF6}.Debug|Any CPU.Build.0 = Debug|Any CPU
		{BD666447-CC9A-4BFC-AE88-B90020CB3EF6}.Release|Any CPU.ActiveCfg = Release|Any CPU
		{BD666447-CC9A-4BFC-AE88-B90020CB3EF6}.Release|Any CPU.Build.0 = Release|Any CPU
		{AF338A4B-8FC1-4A8F-9760-ACCC91808CF8}.Debug|Any CPU.ActiveCfg = Debug|Any CPU
		{AF338A4B-8FC1-4A8F-9760-ACCC91808CF8}.Debug|Any CPU.Build.0 = Debug|Any CPU
		{AF338A4B-8FC1-4A8F-9760-ACCC91808CF8}.Release|Any CPU.ActiveCfg = Release|Any CPU
		{AF338A4B-8FC1-4A8F-9760-ACCC91808CF8}.Release|Any CPU.Build.0 = Release|Any CPU
		{4AB077CC-B6D6-47F2-BA4B-D853DAB8D894}.Debug|Any CPU.ActiveCfg = Debug|Any CPU
		{4AB077CC-B6D6-47F2-BA4B-D853DAB8D894}.Debug|Any CPU.Build.0 = Debug|Any CPU
		{4AB077CC-B6D6-47F2-BA4B-D853DAB8D894}.Release|Any CPU.ActiveCfg = Release|Any CPU
		{4AB077CC-B6D6-47F2-BA4B-D853DAB8D894}.Release|Any CPU.Build.0 = Release|Any CPU
		{EA9AB3A9-363F-421F-9278-5E235F6FAE09}.Debug|Any CPU.ActiveCfg = Debug|Any CPU
		{EA9AB3A9-363F-421F-9278-5E235F6FAE09}.Debug|Any CPU.Build.0 = Debug|Any CPU
		{EA9AB3A9-363F-421F-9278-5E235F6FAE09}.Release|Any CPU.ActiveCfg = Release|Any CPU
		{EA9AB3A9-363F-421F-9278-5E235F6FAE09}.Release|Any CPU.Build.0 = Release|Any CPU
		{E819AAC8-C0B0-4DCF-BE8B-DD9AD642FDDD}.Debug|Any CPU.ActiveCfg = Debug|Any CPU
		{E819AAC8-C0B0-4DCF-BE8B-DD9AD642FDDD}.Debug|Any CPU.Build.0 = Debug|Any CPU
		{E819AAC8-C0B0-4DCF-BE8B-DD9AD642FDDD}.Release|Any CPU.ActiveCfg = Release|Any CPU
		{E819AAC8-C0B0-4DCF-BE8B-DD9AD642FDDD}.Release|Any CPU.Build.0 = Release|Any CPU
	EndGlobalSection
	GlobalSection(SolutionProperties) = preSolution
		HideSolutionNode = FALSE
	EndGlobalSection
	GlobalSection(ExtensibilityGlobals) = postSolution
		SolutionGuid = {85EBF9FD-B1E9-4DB3-B8AB-1439162BB1B5}
	EndGlobalSection
EndGlobal
